
Microsoft Visual Studio Solution File, Format Version 12.00
# Visual Studio Version 16
VisualStudioVersion = 16.0.31019.35
MinimumVisualStudioVersion = 10.0.40219.1
Project("{FAE04EC0-301F-11D3-BF4B-00C04F79EFBC}") = "CadastroSeries", "CadastroSeries\CadastroSeries.csproj", "{3EAFBD47-0FC4-4259-86B4-034FFB7719E6}"
EndProject
Global
	GlobalSection(SolutionConfigurationPlatforms) = preSolution
		Debug|Any CPU = Debug|Any CPU
		Release|Any CPU = Release|Any CPU
	EndGlobalSection
	GlobalSection(ProjectConfigurationPlatforms) = postSolution
		{3EAFBD47-0FC4-4259-86B4-034FFB7719E6}.Debug|Any CPU.ActiveCfg = Debug|Any CPU
		{3EAFBD47-0FC4-4259-86B4-034FFB7719E6}.Debug|Any CPU.Build.0 = Debug|Any CPU
		{3EAFBD47-0FC4-4259-86B4-034FFB7719E6}.Release|Any CPU.ActiveCfg = Release|Any CPU
		{3EAFBD47-0FC4-4259-86B4-034FFB7719E6}.Release|Any CPU.Build.0 = Release|Any CPU
	EndGlobalSection
	GlobalSection(SolutionProperties) = preSolution
		HideSolutionNode = FALSE
	EndGlobalSection
	GlobalSection(ExtensibilityGlobals) = postSolution
		SolutionGuid = {30BADE69-7692-409D-923A-C948BDC197B7}
	EndGlobalSection
EndGlobal
